
Microsoft Visual Studio Solution File, Format Version 12.00
# Visual Studio Version 16
VisualStudioVersion = 16.0.31025.194
MinimumVisualStudioVersion = 10.0.40219.1
Project("{FAE04EC0-301F-11D3-BF4B-00C04F79EFBC}") = "homework9", "homework9\homework9.csproj", "{50BA2E92-53A7-42C0-9B8E-30DF2B13EAB8}"
EndProject
Global
	GlobalSection(SolutionConfigurationPlatforms) = preSolution
		Debug|Any CPU = Debug|Any CPU
		Release|Any CPU = Release|Any CPU
	EndGlobalSection
	GlobalSection(ProjectConfigurationPlatforms) = postSolution
		{50BA2E92-53A7-42C0-9B8E-30DF2B13EAB8}.Debug|Any CPU.ActiveCfg = Debug|Any CPU
		{50BA2E92-53A7-42C0-9B8E-30DF2B13EAB8}.Debug|Any CPU.Build.0 = Debug|Any CPU
		{50BA2E92-53A7-42C0-9B8E-30DF2B13EAB8}.Release|Any CPU.ActiveCfg = Release|Any CPU
		{50BA2E92-53A7-42C0-9B8E-30DF2B13EAB8}.Release|Any CPU.Build.0 = Release|Any CPU
	EndGlobalSection
	GlobalSection(SolutionProperties) = preSolution
		HideSolutionNode = FALSE
	EndGlobalSection
	GlobalSection(ExtensibilityGlobals) = postSolution
		SolutionGuid = {5F4517D9-C025-40B5-A578-E745816FFD15}
	EndGlobalSection
EndGlobal
